# THIS IS AN AUTOGENERATED FILE. DO NOT EDIT THIS FILE DIRECTLY.
# yarn lockfile v1


"@alloc/quick-lru@^5.2.0":
  version "5.2.0"
  resolved "https://registry.yarnpkg.com/@alloc/quick-lru/-/quick-lru-5.2.0.tgz#7bf68b20c0a350f936915fcae06f58e32007ce30"
  integrity sha512-UrcABB+4bUrFABwbluTIBErXwvbsU/V7TZWfmbgJfbkwiBuziS9gxdODUyuiecfdGQ85jglMW6juS3+z5TsKLw==

"@esbuild/aix-ppc64@0.25.0":
  version "0.25.0"
  resolved "https://registry.yarnpkg.com/@esbuild/aix-ppc64/-/aix-ppc64-0.25.0.tgz#499600c5e1757a524990d5d92601f0ac3ce87f64"
  integrity sha512-O7vun9Sf8DFjH2UtqK8Ku3LkquL9SZL8OLY1T5NZkA34+wG3OQF7cl4Ql8vdNzM6fzBbYfLaiRLIOZ+2FOCgBQ==

"@esbuild/android-arm64@0.25.0":
  version "0.25.0"
  resolved "https://registry.yarnpkg.com/@esbuild/android-arm64/-/android-arm64-0.25.0.tgz#b9b8231561a1dfb94eb31f4ee056b92a985c324f"
  integrity sha512-grvv8WncGjDSyUBjN9yHXNt+cq0snxXbDxy5pJtzMKGmmpPxeAmAhWxXI+01lU5rwZomDgD3kJwulEnhTRUd6g==

"@esbuild/android-arm@0.25.0":
  version "0.25.0"
  resolved "https://registry.yarnpkg.com/@esbuild/android-arm/-/android-arm-0.25.0.tgz#ca6e7888942505f13e88ac9f5f7d2a72f9facd2b"
  integrity sha512-PTyWCYYiU0+1eJKmw21lWtC+d08JDZPQ5g+kFyxP0V+es6VPPSUhM6zk8iImp2jbV6GwjX4pap0JFbUQN65X1g==

"@esbuild/android-x64@0.25.0":
  version "0.25.0"
  resolved "https://registry.yarnpkg.com/@esbuild/android-x64/-/android-x64-0.25.0.tgz#e765ea753bac442dfc9cb53652ce8bd39d33e163"
  integrity sha512-m/ix7SfKG5buCnxasr52+LI78SQ+wgdENi9CqyCXwjVR2X4Jkz+BpC3le3AoBPYTC9NHklwngVXvbJ9/Akhrfg==

"@esbuild/darwin-arm64@0.25.0":
  version "0.25.0"
  resolved "https://registry.yarnpkg.com/@esbuild/darwin-arm64/-/darwin-arm64-0.25.0.tgz#fa394164b0d89d4fdc3a8a21989af70ef579fa2c"
  integrity sha512-mVwdUb5SRkPayVadIOI78K7aAnPamoeFR2bT5nszFUZ9P8UpK4ratOdYbZZXYSqPKMHfS1wdHCJk1P1EZpRdvw==

"@esbuild/darwin-x64@0.25.0":
  version "0.25.0"
  resolved "https://registry.yarnpkg.com/@esbuild/darwin-x64/-/darwin-x64-0.25.0.tgz#91979d98d30ba6e7d69b22c617cc82bdad60e47a"
  integrity sha512-DgDaYsPWFTS4S3nWpFcMn/33ZZwAAeAFKNHNa1QN0rI4pUjgqf0f7ONmXf6d22tqTY+H9FNdgeaAa+YIFUn2Rg==

"@esbuild/freebsd-arm64@0.25.0":
  version "0.25.0"
  resolved "https://registry.yarnpkg.com/@esbuild/freebsd-arm64/-/freebsd-arm64-0.25.0.tgz#b97e97073310736b430a07b099d837084b85e9ce"
  integrity sha512-VN4ocxy6dxefN1MepBx/iD1dH5K8qNtNe227I0mnTRjry8tj5MRk4zprLEdG8WPyAPb93/e4pSgi1SoHdgOa4w==

"@esbuild/freebsd-x64@0.25.0":
  version "0.25.0"
  resolved "https://registry.yarnpkg.com/@esbuild/freebsd-x64/-/freebsd-x64-0.25.0.tgz#f3b694d0da61d9910ec7deff794d444cfbf3b6e7"
  integrity sha512-mrSgt7lCh07FY+hDD1TxiTyIHyttn6vnjesnPoVDNmDfOmggTLXRv8Id5fNZey1gl/V2dyVK1VXXqVsQIiAk+A==

"@esbuild/linux-arm64@0.25.0":
  version "0.25.0"
  resolved "https://registry.yarnpkg.com/@esbuild/linux-arm64/-/linux-arm64-0.25.0.tgz#f921f699f162f332036d5657cad9036f7a993f73"
  integrity sha512-9QAQjTWNDM/Vk2bgBl17yWuZxZNQIF0OUUuPZRKoDtqF2k4EtYbpyiG5/Dk7nqeK6kIJWPYldkOcBqjXjrUlmg==

"@esbuild/linux-arm@0.25.0":
  version "0.25.0"
  resolved "https://registry.yarnpkg.com/@esbuild/linux-arm/-/linux-arm-0.25.0.tgz#cc49305b3c6da317c900688995a4050e6cc91ca3"
  integrity sha512-vkB3IYj2IDo3g9xX7HqhPYxVkNQe8qTK55fraQyTzTX/fxaDtXiEnavv9geOsonh2Fd2RMB+i5cbhu2zMNWJwg==

"@esbuild/linux-ia32@0.25.0":
  version "0.25.0"
  resolved "https://registry.yarnpkg.com/@esbuild/linux-ia32/-/linux-ia32-0.25.0.tgz#3e0736fcfab16cff042dec806247e2c76e109e19"
  integrity sha512-43ET5bHbphBegyeqLb7I1eYn2P/JYGNmzzdidq/w0T8E2SsYL1U6un2NFROFRg1JZLTzdCoRomg8Rvf9M6W6Gg==

"@esbuild/linux-loong64@0.25.0":
  version "0.25.0"
  resolved "https://registry.yarnpkg.com/@esbuild/linux-loong64/-/linux-loong64-0.25.0.tgz#ea2bf730883cddb9dfb85124232b5a875b8020c7"
  integrity sha512-fC95c/xyNFueMhClxJmeRIj2yrSMdDfmqJnyOY4ZqsALkDrrKJfIg5NTMSzVBr5YW1jf+l7/cndBfP3MSDpoHw==

"@esbuild/linux-mips64el@0.25.0":
  version "0.25.0"
  resolved "https://registry.yarnpkg.com/@esbuild/linux-mips64el/-/linux-mips64el-0.25.0.tgz#4cababb14eede09248980a2d2d8b966464294ff1"
  integrity sha512-nkAMFju7KDW73T1DdH7glcyIptm95a7Le8irTQNO/qtkoyypZAnjchQgooFUDQhNAy4iu08N79W4T4pMBwhPwQ==

"@esbuild/linux-ppc64@0.25.0":
  version "0.25.0"
  resolved "https://registry.yarnpkg.com/@esbuild/linux-ppc64/-/linux-ppc64-0.25.0.tgz#8860a4609914c065373a77242e985179658e1951"
  integrity sha512-NhyOejdhRGS8Iwv+KKR2zTq2PpysF9XqY+Zk77vQHqNbo/PwZCzB5/h7VGuREZm1fixhs4Q/qWRSi5zmAiO4Fw==

"@esbuild/linux-riscv64@0.25.0":
  version "0.25.0"
  resolved "https://registry.yarnpkg.com/@esbuild/linux-riscv64/-/linux-riscv64-0.25.0.tgz#baf26e20bb2d38cfb86ee282dff840c04f4ed987"
  integrity sha512-5S/rbP5OY+GHLC5qXp1y/Mx//e92L1YDqkiBbO9TQOvuFXM+iDqUNG5XopAnXoRH3FjIUDkeGcY1cgNvnXp/kA==

"@esbuild/linux-s390x@0.25.0":
  version "0.25.0"
  resolved "https://registry.yarnpkg.com/@esbuild/linux-s390x/-/linux-s390x-0.25.0.tgz#8323afc0d6cb1b6dc6e9fd21efd9e1542c3640a4"
  integrity sha512-XM2BFsEBz0Fw37V0zU4CXfcfuACMrppsMFKdYY2WuTS3yi8O1nFOhil/xhKTmE1nPmVyvQJjJivgDT+xh8pXJA==

"@esbuild/linux-x64@0.25.0":
  version "0.25.0"
  resolved "https://registry.yarnpkg.com/@esbuild/linux-x64/-/linux-x64-0.25.0.tgz#08fcf60cb400ed2382e9f8e0f5590bac8810469a"
  integrity sha512-9yl91rHw/cpwMCNytUDxwj2XjFpxML0y9HAOH9pNVQDpQrBxHy01Dx+vaMu0N1CKa/RzBD2hB4u//nfc+Sd3Cw==

"@esbuild/netbsd-arm64@0.25.0":
  version "0.25.0"
  resolved "https://registry.yarnpkg.com/@esbuild/netbsd-arm64/-/netbsd-arm64-0.25.0.tgz#935c6c74e20f7224918fbe2e6c6fe865b6c6ea5b"
  integrity sha512-RuG4PSMPFfrkH6UwCAqBzauBWTygTvb1nxWasEJooGSJ/NwRw7b2HOwyRTQIU97Hq37l3npXoZGYMy3b3xYvPw==

"@esbuild/netbsd-x64@0.25.0":
  version "0.25.0"
  resolved "https://registry.yarnpkg.com/@esbuild/netbsd-x64/-/netbsd-x64-0.25.0.tgz#414677cef66d16c5a4d210751eb2881bb9c1b62b"
  integrity sha512-jl+qisSB5jk01N5f7sPCsBENCOlPiS/xptD5yxOx2oqQfyourJwIKLRA2yqWdifj3owQZCL2sn6o08dBzZGQzA==

"@esbuild/openbsd-arm64@0.25.0":
  version "0.25.0"
  resolved "https://registry.yarnpkg.com/@esbuild/openbsd-arm64/-/openbsd-arm64-0.25.0.tgz#8fd55a4d08d25cdc572844f13c88d678c84d13f7"
  integrity sha512-21sUNbq2r84YE+SJDfaQRvdgznTD8Xc0oc3p3iW/a1EVWeNj/SdUCbm5U0itZPQYRuRTW20fPMWMpcrciH2EJw==

"@esbuild/openbsd-x64@0.25.0":
  version "0.25.0"
  resolved "https://registry.yarnpkg.com/@esbuild/openbsd-x64/-/openbsd-x64-0.25.0.tgz#0c48ddb1494bbc2d6bcbaa1429a7f465fa1dedde"
  integrity sha512-2gwwriSMPcCFRlPlKx3zLQhfN/2WjJ2NSlg5TKLQOJdV0mSxIcYNTMhk3H3ulL/cak+Xj0lY1Ym9ysDV1igceg==

"@esbuild/sunos-x64@0.25.0":
  version "0.25.0"
  resolved "https://registry.yarnpkg.com/@esbuild/sunos-x64/-/sunos-x64-0.25.0.tgz#86ff9075d77962b60dd26203d7352f92684c8c92"
  integrity sha512-bxI7ThgLzPrPz484/S9jLlvUAHYMzy6I0XiU1ZMeAEOBcS0VePBFxh1JjTQt3Xiat5b6Oh4x7UC7IwKQKIJRIg==

"@esbuild/win32-arm64@0.25.0":
  version "0.25.0"
  resolved "https://registry.yarnpkg.com/@esbuild/win32-arm64/-/win32-arm64-0.25.0.tgz#849c62327c3229467f5b5cd681bf50588442e96c"
  integrity sha512-ZUAc2YK6JW89xTbXvftxdnYy3m4iHIkDtK3CLce8wg8M2L+YZhIvO1DKpxrd0Yr59AeNNkTiic9YLf6FTtXWMw==

"@esbuild/win32-ia32@0.25.0":
  version "0.25.0"
  resolved "https://registry.yarnpkg.com/@esbuild/win32-ia32/-/win32-ia32-0.25.0.tgz#f62eb480cd7cca088cb65bb46a6db25b725dc079"
  integrity sha512-eSNxISBu8XweVEWG31/JzjkIGbGIJN/TrRoiSVZwZ6pkC6VX4Im/WV2cz559/TXLcYbcrDN8JtKgd9DJVIo8GA==

"@esbuild/win32-x64@0.25.0":
  version "0.25.0"
  resolved "https://registry.yarnpkg.com/@esbuild/win32-x64/-/win32-x64-0.25.0.tgz#c8e119a30a7c8d60b9d2e22d2073722dde3b710b"
  integrity sha512-ZENoHJBxA20C2zFzh6AI4fT6RraMzjYw4xKWemRTRmRVtN9c5DcH9r/f2ihEkMjOW5eGgrwCslG/+Y/3bL+DHQ==

"@parcel/watcher-android-arm64@2.5.1":
  version "2.5.1"
  resolved "https://registry.yarnpkg.com/@parcel/watcher-android-arm64/-/watcher-android-arm64-2.5.1.tgz#507f836d7e2042f798c7d07ad19c3546f9848ac1"
  integrity sha512-KF8+j9nNbUN8vzOFDpRMsaKBHZ/mcjEjMToVMJOhTozkDonQFFrRcfdLWn6yWKCmJKmdVxSgHiYvTCef4/qcBA==

"@parcel/watcher-darwin-arm64@2.5.1":
  version "2.5.1"
  resolved "https://registry.yarnpkg.com/@parcel/watcher-darwin-arm64/-/watcher-darwin-arm64-2.5.1.tgz#3d26dce38de6590ef79c47ec2c55793c06ad4f67"
  integrity sha512-eAzPv5osDmZyBhou8PoF4i6RQXAfeKL9tjb3QzYuccXFMQU0ruIc/POh30ePnaOyD1UXdlKguHBmsTs53tVoPw==

"@parcel/watcher-darwin-x64@2.5.1":
  version "2.5.1"
  resolved "https://registry.yarnpkg.com/@parcel/watcher-darwin-x64/-/watcher-darwin-x64-2.5.1.tgz#99f3af3869069ccf774e4ddfccf7e64fd2311ef8"
  integrity sha512-1ZXDthrnNmwv10A0/3AJNZ9JGlzrF82i3gNQcWOzd7nJ8aj+ILyW1MTxVk35Db0u91oD5Nlk9MBiujMlwmeXZg==

"@parcel/watcher-freebsd-x64@2.5.1":
  version "2.5.1"
  resolved "https://registry.yarnpkg.com/@parcel/watcher-freebsd-x64/-/watcher-freebsd-x64-2.5.1.tgz#14d6857741a9f51dfe51d5b08b7c8afdbc73ad9b"
  integrity sha512-SI4eljM7Flp9yPuKi8W0ird8TI/JK6CSxju3NojVI6BjHsTyK7zxA9urjVjEKJ5MBYC+bLmMcbAWlZ+rFkLpJQ==

"@parcel/watcher-linux-arm-glibc@2.5.1":
  version "2.5.1"
  resolved "https://registry.yarnpkg.com/@parcel/watcher-linux-arm-glibc/-/watcher-linux-arm-glibc-2.5.1.tgz#43c3246d6892381db473bb4f663229ad20b609a1"
  integrity sha512-RCdZlEyTs8geyBkkcnPWvtXLY44BCeZKmGYRtSgtwwnHR4dxfHRG3gR99XdMEdQ7KeiDdasJwwvNSF5jKtDwdA==

"@parcel/watcher-linux-arm-musl@2.5.1":
  version "2.5.1"
  resolved "https://registry.yarnpkg.com/@parcel/watcher-linux-arm-musl/-/watcher-linux-arm-musl-2.5.1.tgz#663750f7090bb6278d2210de643eb8a3f780d08e"
  integrity sha512-6E+m/Mm1t1yhB8X412stiKFG3XykmgdIOqhjWj+VL8oHkKABfu/gjFj8DvLrYVHSBNC+/u5PeNrujiSQ1zwd1Q==

"@parcel/watcher-linux-arm64-glibc@2.5.1":
  version "2.5.1"
  resolved "https://registry.yarnpkg.com/@parcel/watcher-linux-arm64-glibc/-/watcher-linux-arm64-glibc-2.5.1.tgz#ba60e1f56977f7e47cd7e31ad65d15fdcbd07e30"
  integrity sha512-LrGp+f02yU3BN9A+DGuY3v3bmnFUggAITBGriZHUREfNEzZh/GO06FF5u2kx8x+GBEUYfyTGamol4j3m9ANe8w==

"@parcel/watcher-linux-arm64-musl@2.5.1":
  version "2.5.1"
  resolved "https://registry.yarnpkg.com/@parcel/watcher-linux-arm64-musl/-/watcher-linux-arm64-musl-2.5.1.tgz#f7fbcdff2f04c526f96eac01f97419a6a99855d2"
  integrity sha512-cFOjABi92pMYRXS7AcQv9/M1YuKRw8SZniCDw0ssQb/noPkRzA+HBDkwmyOJYp5wXcsTrhxO0zq1U11cK9jsFg==

"@parcel/watcher-linux-x64-glibc@2.5.1":
  version "2.5.1"
  resolved "https://registry.yarnpkg.com/@parcel/watcher-linux-x64-glibc/-/watcher-linux-x64-glibc-2.5.1.tgz#4d2ea0f633eb1917d83d483392ce6181b6a92e4e"
  integrity sha512-GcESn8NZySmfwlTsIur+49yDqSny2IhPeZfXunQi48DMugKeZ7uy1FX83pO0X22sHntJ4Ub+9k34XQCX+oHt2A==

"@parcel/watcher-linux-x64-musl@2.5.1":
  version "2.5.1"
  resolved "https://registry.yarnpkg.com/@parcel/watcher-linux-x64-musl/-/watcher-linux-x64-musl-2.5.1.tgz#277b346b05db54f55657301dd77bdf99d63606ee"
  integrity sha512-n0E2EQbatQ3bXhcH2D1XIAANAcTZkQICBPVaxMeaCVBtOpBZpWJuf7LwyWPSBDITb7In8mqQgJ7gH8CILCURXg==

"@parcel/watcher-win32-arm64@2.5.1":
  version "2.5.1"
  resolved "https://registry.yarnpkg.com/@parcel/watcher-win32-arm64/-/watcher-win32-arm64-2.5.1.tgz#7e9e02a26784d47503de1d10e8eab6cceb524243"
  integrity sha512-RFzklRvmc3PkjKjry3hLF9wD7ppR4AKcWNzH7kXR7GUe0Igb3Nz8fyPwtZCSquGrhU5HhUNDr/mKBqj7tqA2Vw==

"@parcel/watcher-win32-ia32@2.5.1":
  version "2.5.1"
  resolved "https://registry.yarnpkg.com/@parcel/watcher-win32-ia32/-/watcher-win32-ia32-2.5.1.tgz#2d0f94fa59a873cdc584bf7f6b1dc628ddf976e6"
  integrity sha512-c2KkcVN+NJmuA7CGlaGD1qJh1cLfDnQsHjE89E60vUEMlqduHGCdCLJCID5geFVM0dOtA3ZiIO8BoEQmzQVfpQ==

"@parcel/watcher-win32-x64@2.5.1":
  version "2.5.1"
  resolved "https://registry.yarnpkg.com/@parcel/watcher-win32-x64/-/watcher-win32-x64-2.5.1.tgz#ae52693259664ba6f2228fa61d7ee44b64ea0947"
  integrity sha512-9lHBdJITeNR++EvSQVUcaZoWupyHfXe1jZvGZ06O/5MflPcuPLtEphScIBL+AiCWBO46tDSHzWyD0uDmmZqsgA==

"@parcel/watcher@^2.5.1":
  version "2.5.1"
  resolved "https://registry.yarnpkg.com/@parcel/watcher/-/watcher-2.5.1.tgz#342507a9cfaaf172479a882309def1e991fb1200"
  integrity sha512-dfUnCxiN9H4ap84DvD2ubjw+3vUNpstxa0TneY/Paat8a3R4uQZDLSvWjmznAY/DoahqTHl9V46HF/Zs3F29pg==
  dependencies:
    detect-libc "^1.0.3"
    is-glob "^4.0.3"
    micromatch "^4.0.5"
    node-addon-api "^7.0.0"
  optionalDependencies:
    "@parcel/watcher-android-arm64" "2.5.1"
    "@parcel/watcher-darwin-arm64" "2.5.1"
    "@parcel/watcher-darwin-x64" "2.5.1"
    "@parcel/watcher-freebsd-x64" "2.5.1"
    "@parcel/watcher-linux-arm-glibc" "2.5.1"
    "@parcel/watcher-linux-arm-musl" "2.5.1"
    "@parcel/watcher-linux-arm64-glibc" "2.5.1"
    "@parcel/watcher-linux-arm64-musl" "2.5.1"
    "@parcel/watcher-linux-x64-glibc" "2.5.1"
    "@parcel/watcher-linux-x64-musl" "2.5.1"
    "@parcel/watcher-win32-arm64" "2.5.1"
    "@parcel/watcher-win32-ia32" "2.5.1"
    "@parcel/watcher-win32-x64" "2.5.1"

"@tailwindcss/cli@4.0.9":
  version "4.0.9"
  resolved "https://registry.yarnpkg.com/@tailwindcss/cli/-/cli-4.0.9.tgz#5a3e2d04f1968d2ebcb39a80ae242b81f3ee2ae9"
  integrity sha512-obJvIxu4SCA3PLQYDB7tz9Biv3LFB6+YM/DXNNqwjEMRBNr7Y7LLBk3Cl6xwM+/TxJlA2rEV/t+XwkbldcxeXA==
  dependencies:
    "@parcel/watcher" "^2.5.1"
    "@tailwindcss/node" "4.0.9"
    "@tailwindcss/oxide" "4.0.9"
    enhanced-resolve "^5.18.1"
    lightningcss "^1.29.1"
    mri "^1.2.0"
    picocolors "^1.1.1"
    tailwindcss "4.0.9"

"@tailwindcss/node@4.0.9":
  version "4.0.9"
  resolved "https://registry.yarnpkg.com/@tailwindcss/node/-/node-4.0.9.tgz#27f08681b2cf6197a9c4c0ce0a0cb8dd16b3aaaf"
  integrity sha512-tOJvdI7XfJbARYhxX+0RArAhmuDcczTC46DGCEziqxzzbIaPnfYaIyRT31n4u8lROrsO7Q6u/K9bmQHL2uL1bQ==
  dependencies:
    enhanced-resolve "^5.18.1"
    jiti "^2.4.2"
    tailwindcss "4.0.9"

"@tailwindcss/oxide-android-arm64@4.0.9":
  version "4.0.9"
  resolved "https://registry.yarnpkg.com/@tailwindcss/oxide-android-arm64/-/oxide-android-arm64-4.0.9.tgz#ad8fbe3018c04b1931e35f048f8975d06de6cc64"
  integrity sha512-YBgy6+2flE/8dbtrdotVInhMVIxnHJPbAwa7U1gX4l2ThUIaPUp18LjB9wEH8wAGMBZUb//SzLtdXXNBHPUl6Q==

"@tailwindcss/oxide-darwin-arm64@4.0.9":
  version "4.0.9"
  resolved "https://registry.yarnpkg.com/@tailwindcss/oxide-darwin-arm64/-/oxide-darwin-arm64-4.0.9.tgz#e15a8d68b7ea225ce98f046a94078a5e8f89f52c"
  integrity sha512-pWdl4J2dIHXALgy2jVkwKBmtEb73kqIfMpYmcgESr7oPQ+lbcQ4+tlPeVXaSAmang+vglAfFpXQCOvs/aGSqlw==

"@tailwindcss/oxide-darwin-x64@4.0.9":
  version "4.0.9"
  resolved "https://registry.yarnpkg.com/@tailwindcss/oxide-darwin-x64/-/oxide-darwin-x64-4.0.9.tgz#6de929f441e9f3c256ae023364888fb3d8da80e4"
  integrity sha512-4Dq3lKp0/C7vrRSkNPtBGVebEyWt9QPPlQctxJ0H3MDyiQYvzVYf8jKow7h5QkWNe8hbatEqljMj/Y0M+ERYJg==

"@tailwindcss/oxide-freebsd-x64@4.0.9":
  version "4.0.9"
  resolved "https://registry.yarnpkg.com/@tailwindcss/oxide-freebsd-x64/-/oxide-freebsd-x64-4.0.9.tgz#5690a15919fcda09a000bc32e3db43e52850bfb4"
  integrity sha512-k7U1RwRODta8x0uealtVt3RoWAWqA+D5FAOsvVGpYoI6ObgmnzqWW6pnVwz70tL8UZ/QXjeMyiICXyjzB6OGtQ==

"@tailwindcss/oxide-linux-arm-gnueabihf@4.0.9":
  version "4.0.9"
  resolved "https://registry.yarnpkg.com/@tailwindcss/oxide-linux-arm-gnueabihf/-/oxide-linux-arm-gnueabihf-4.0.9.tgz#351a7aa8b5c5d6739e440716e60e54f6b96aa0ea"
  integrity sha512-NDDjVweHz2zo4j+oS8y3KwKL5wGCZoXGA9ruJM982uVJLdsF8/1AeKvUwKRlMBpxHt1EdWJSAh8a0Mfhl28GlQ==

"@tailwindcss/oxide-linux-arm64-gnu@4.0.9":
  version "4.0.9"
  resolved "https://registry.yarnpkg.com/@tailwindcss/oxide-linux-arm64-gnu/-/oxide-linux-arm64-gnu-4.0.9.tgz#9c4e3fbc5f37997da7323f78c2c76d403394e5d2"
  integrity sha512-jk90UZ0jzJl3Dy1BhuFfRZ2KP9wVKMXPjmCtY4U6fF2LvrjP5gWFJj5VHzfzHonJexjrGe1lMzgtjriuZkxagg==

"@tailwindcss/oxide-linux-arm64-musl@4.0.9":
  version "4.0.9"
  resolved "https://registry.yarnpkg.com/@tailwindcss/oxide-linux-arm64-musl/-/oxide-linux-arm64-musl-4.0.9.tgz#3e5fcc39d1b98658639d88bbec2fbef6805a1e53"
  integrity sha512-3eMjyTC6HBxh9nRgOHzrc96PYh1/jWOwHZ3Kk0JN0Kl25BJ80Lj9HEvvwVDNTgPg154LdICwuFLuhfgH9DULmg==

"@tailwindcss/oxide-linux-x64-gnu@4.0.9":
  version "4.0.9"
  resolved "https://registry.yarnpkg.com/@tailwindcss/oxide-linux-x64-gnu/-/oxide-linux-x64-gnu-4.0.9.tgz#c92400522b3fa3bb789314106c5170c82136e9e7"
  integrity sha512-v0D8WqI/c3WpWH1kq/HP0J899ATLdGZmENa2/emmNjubT0sWtEke9W9+wXeEoACuGAhF9i3PO5MeyditpDCiWQ==

"@tailwindcss/oxide-linux-x64-musl@4.0.9":
  version "4.0.9"
  resolved "https://registry.yarnpkg.com/@tailwindcss/oxide-linux-x64-musl/-/oxide-linux-x64-musl-4.0.9.tgz#7a8cc4787ca3c143d2429529835749777faf3263"
  integrity sha512-Kvp0TCkfeXyeehqLJr7otsc4hd/BUPfcIGrQiwsTVCfaMfjQZCG7DjI+9/QqPZha8YapLA9UoIcUILRYO7NE1Q==

"@tailwindcss/oxide-win32-arm64-msvc@4.0.9":
  version "4.0.9"
  resolved "https://registry.yarnpkg.com/@tailwindcss/oxide-win32-arm64-msvc/-/oxide-win32-arm64-msvc-4.0.9.tgz#5e51fe3859216703c72c3fabde8e86b45b2786b3"
  integrity sha512-m3+60T/7YvWekajNq/eexjhV8z10rswcz4BC9bioJ7YaN+7K8W2AmLmG0B79H14m6UHE571qB0XsPus4n0QVgQ==

"@tailwindcss/oxide-win32-x64-msvc@4.0.9":
  version "4.0.9"
  resolved "https://registry.yarnpkg.com/@tailwindcss/oxide-win32-x64-msvc/-/oxide-win32-x64-msvc-4.0.9.tgz#91f9429cd2f06090cbd91581155e2828e498c8c8"
  integrity sha512-dpc05mSlqkwVNOUjGu/ZXd5U1XNch1kHFJ4/cHkZFvaW1RzbHmRt24gvM8/HC6IirMxNarzVw4IXVtvrOoZtxA==

"@tailwindcss/oxide@4.0.9":
  version "4.0.9"
  resolved "https://registry.yarnpkg.com/@tailwindcss/oxide/-/oxide-4.0.9.tgz#83d69528a0f8df99552a7d9df16c6a591878bbc7"
  integrity sha512-eLizHmXFqHswJONwfqi/WZjtmWZpIalpvMlNhTM99/bkHtUs6IqgI1XQ0/W5eO2HiRQcIlXUogI2ycvKhVLNcA==
  optionalDependencies:
    "@tailwindcss/oxide-android-arm64" "4.0.9"
    "@tailwindcss/oxide-darwin-arm64" "4.0.9"
    "@tailwindcss/oxide-darwin-x64" "4.0.9"
    "@tailwindcss/oxide-freebsd-x64" "4.0.9"
    "@tailwindcss/oxide-linux-arm-gnueabihf" "4.0.9"
    "@tailwindcss/oxide-linux-arm64-gnu" "4.0.9"
    "@tailwindcss/oxide-linux-arm64-musl" "4.0.9"
    "@tailwindcss/oxide-linux-x64-gnu" "4.0.9"
    "@tailwindcss/oxide-linux-x64-musl" "4.0.9"
    "@tailwindcss/oxide-win32-arm64-msvc" "4.0.9"
    "@tailwindcss/oxide-win32-x64-msvc" "4.0.9"

"@tailwindcss/postcss@4.0.9":
  version "4.0.9"
  resolved "https://registry.yarnpkg.com/@tailwindcss/postcss/-/postcss-4.0.9.tgz#ba516b36984ca2e8b3b0a8feae673ac536a2563d"
  integrity sha512-BT/E+pdMqulavEAVM5NCpxmGEwHiLDPpkmg/c/X25ZBW+izTe+aZ+v1gf/HXTrihRoCxrUp5U4YyHsBTzspQKQ==
  dependencies:
    "@alloc/quick-lru" "^5.2.0"
    "@tailwindcss/node" "4.0.9"
    "@tailwindcss/oxide" "4.0.9"
    lightningcss "^1.29.1"
    postcss "^8.4.41"
    tailwindcss "4.0.9"

braces@^3.0.3:
  version "3.0.3"
  resolved "https://registry.yarnpkg.com/braces/-/braces-3.0.3.tgz#490332f40919452272d55a8480adc0c441358789"
  integrity sha512-yQbXgO/OSZVD2IsiLlro+7Hf6Q18EJrKSEsdoMzKePKXct3gvD8oLcOQdIzGupr5Fj+EDe8gO/lxc1BzfMpxvA==
  dependencies:
    fill-range "^7.1.1"

detect-libc@^1.0.3:
  version "1.0.3"
  resolved "https://registry.yarnpkg.com/detect-libc/-/detect-libc-1.0.3.tgz#fa137c4bd698edf55cd5cd02ac559f91a4c4ba9b"
  integrity sha512-pGjwhsmsp4kL2RTz08wcOlGN83otlqHeD/Z5T8GXZB+/YcpQ/dgo+lbU8ZsGxV0HIvqqxo9l7mqYwyYMD9bKDg==

enhanced-resolve@^5.18.1:
  version "5.18.1"
  resolved "https://registry.yarnpkg.com/enhanced-resolve/-/enhanced-resolve-5.18.1.tgz#728ab082f8b7b6836de51f1637aab5d3b9568faf"
  integrity sha512-ZSW3ma5GkcQBIpwZTSRAI8N71Uuwgs93IezB7mf7R60tC8ZbJideoDNKjHn2O9KIlx6rkGTTEk1xUCK2E1Y2Yg==
  dependencies:
    graceful-fs "^4.2.4"
    tapable "^2.2.0"

esbuild-copy-static-files@0.1.0:
  version "0.1.0"
  resolved "https://registry.yarnpkg.com/esbuild-copy-static-files/-/esbuild-copy-static-files-0.1.0.tgz#4bb4987b5b554d2fc122a45f077d74663b4dbcf0"
  integrity sha512-KlpmYqANA1t2nZavEdItfcOjJC6wbHA21v35HJWN32DddGTWKNNGDKljUzbCPojmpD+wAw8/DXr5abJ4jFCE0w==

esbuild@0.25.0:
  version "0.25.0"
  resolved "https://registry.yarnpkg.com/esbuild/-/esbuild-0.25.0.tgz#0de1787a77206c5a79eeb634a623d39b5006ce92"
  integrity sha512-BXq5mqc8ltbaN34cDqWuYKyNhX8D/Z0J1xdtdQ8UcIIIyJyz+ZMKUt58tF3SrZ85jcfN/PZYhjR5uDQAYNVbuw==
  optionalDependencies:
    "@esbuild/aix-ppc64" "0.25.0"
    "@esbuild/android-arm" "0.25.0"
    "@esbuild/android-arm64" "0.25.0"
    "@esbuild/android-x64" "0.25.0"
    "@esbuild/darwin-arm64" "0.25.0"
    "@esbuild/darwin-x64" "0.25.0"
    "@esbuild/freebsd-arm64" "0.25.0"
    "@esbuild/freebsd-x64" "0.25.0"
    "@esbuild/linux-arm" "0.25.0"
    "@esbuild/linux-arm64" "0.25.0"
    "@esbuild/linux-ia32" "0.25.0"
    "@esbuild/linux-loong64" "0.25.0"
    "@esbuild/linux-mips64el" "0.25.0"
    "@esbuild/linux-ppc64" "0.25.0"
    "@esbuild/linux-riscv64" "0.25.0"
    "@esbuild/linux-s390x" "0.25.0"
    "@esbuild/linux-x64" "0.25.0"
    "@esbuild/netbsd-arm64" "0.25.0"
    "@esbuild/netbsd-x64" "0.25.0"
    "@esbuild/openbsd-arm64" "0.25.0"
    "@esbuild/openbsd-x64" "0.25.0"
    "@esbuild/sunos-x64" "0.25.0"
    "@esbuild/win32-arm64" "0.25.0"
    "@esbuild/win32-ia32" "0.25.0"
    "@esbuild/win32-x64" "0.25.0"

fill-range@^7.1.1:
  version "7.1.1"
  resolved "https://registry.yarnpkg.com/fill-range/-/fill-range-7.1.1.tgz#44265d3cac07e3ea7dc247516380643754a05292"
  integrity sha512-YsGpe3WHLK8ZYi4tWDg2Jy3ebRz2rXowDxnld4bkQB00cc/1Zw9AWnC0i9ztDJitivtQvaI9KaLyKrc+hBW0yg==
  dependencies:
    to-regex-range "^5.0.1"

graceful-fs@^4.2.4:
  version "4.2.11"
  resolved "https://registry.yarnpkg.com/graceful-fs/-/graceful-fs-4.2.11.tgz#4183e4e8bf08bb6e05bbb2f7d2e0c8f712ca40e3"
  integrity sha512-RbJ5/jmFcNNCcDV5o9eTnBLJ/HszWV0P73bc+Ff4nS/rJj+YaS6IGyiOL0VoBYX+l1Wrl3k63h/KrH+nhJ0XvQ==

is-extglob@^2.1.1:
  version "2.1.1"
  resolved "https://registry.yarnpkg.com/is-extglob/-/is-extglob-2.1.1.tgz#a88c02535791f02ed37c76a1b9ea9773c833f8c2"
  integrity sha1-qIwCU1eR8C7TfHahueqXc8gz+MI=

is-glob@^4.0.3:
  version "4.0.3"
  resolved "https://registry.yarnpkg.com/is-glob/-/is-glob-4.0.3.tgz#64f61e42cbbb2eec2071a9dac0b28ba1e65d5084"
  integrity sha512-xelSayHH36ZgE7ZWhli7pW34hNbNl8Ojv5KVmkJD4hBdD3th8Tfk9vYasLM+mXWOZhFkgZfxhLSnrwRr4elSSg==
  dependencies:
    is-extglob "^2.1.1"

is-number@^7.0.0:
  version "7.0.0"
  resolved "https://registry.yarnpkg.com/is-number/-/is-number-7.0.0.tgz#7535345b896734d5f80c4d06c50955527a14f12b"
  integrity sha512-41Cifkg6e8TylSpdtTpeLVMqvSBEVzTttHvERD741+pnZ8ANv0004MRL43QKPDlK9cGvNp6NZWZUBlbGXYxxng==

jiti@^2.4.2:
  version "2.4.2"
  resolved "https://registry.yarnpkg.com/jiti/-/jiti-2.4.2.tgz#d19b7732ebb6116b06e2038da74a55366faef560"
  integrity sha512-rg9zJN+G4n2nfJl5MW3BMygZX56zKPNVEYYqq7adpmMh4Jn2QNEwhvQlFy6jPVdcod7txZtKHWnyZiA3a0zP7A==

lightningcss-darwin-arm64@1.29.1:
  version "1.29.1"
  resolved "https://registry.yarnpkg.com/lightningcss-darwin-arm64/-/lightningcss-darwin-arm64-1.29.1.tgz#dce17349c7b9f968f396ec240503de14e7b4870b"
  integrity sha512-HtR5XJ5A0lvCqYAoSv2QdZZyoHNttBpa5EP9aNuzBQeKGfbyH5+UipLWvVzpP4Uml5ej4BYs5I9Lco9u1fECqw==

lightningcss-darwin-x64@1.29.1:
  version "1.29.1"
  resolved "https://registry.yarnpkg.com/lightningcss-darwin-x64/-/lightningcss-darwin-x64-1.29.1.tgz#e79c984180c57d00ee114210ceced83473d72dfc"
  integrity sha512-k33G9IzKUpHy/J/3+9MCO4e+PzaFblsgBjSGlpAaFikeBFm8B/CkO3cKU9oI4g+fjS2KlkLM/Bza9K/aw8wsNA==

lightningcss-freebsd-x64@1.29.1:
  version "1.29.1"
  resolved "https://registry.yarnpkg.com/lightningcss-freebsd-x64/-/lightningcss-freebsd-x64-1.29.1.tgz#4b3aec9620684a60c45266d50fd843869320f42f"
  integrity sha512-0SUW22fv/8kln2LnIdOCmSuXnxgxVC276W5KLTwoehiO0hxkacBxjHOL5EtHD8BAXg2BvuhsJPmVMasvby3LiQ==

lightningcss-linux-arm-gnueabihf@1.29.1:
  version "1.29.1"
  resolved "https://registry.yarnpkg.com/lightningcss-linux-arm-gnueabihf/-/lightningcss-linux-arm-gnueabihf-1.29.1.tgz#b80e9c4dd75652bec451ffd4d5779492a01791ff"
  integrity sha512-sD32pFvlR0kDlqsOZmYqH/68SqUMPNj+0pucGxToXZi4XZgZmqeX/NkxNKCPsswAXU3UeYgDSpGhu05eAufjDg==

lightningcss-linux-arm64-gnu@1.29.1:
  version "1.29.1"
  resolved "https://registry.yarnpkg.com/lightningcss-linux-arm64-gnu/-/lightningcss-linux-arm64-gnu-1.29.1.tgz#7825eb119ddf580a4a4f011c6f384a3f9c992060"
  integrity sha512-0+vClRIZ6mmJl/dxGuRsE197o1HDEeeRk6nzycSy2GofC2JsY4ifCRnvUWf/CUBQmlrvMzt6SMQNMSEu22csWQ==

lightningcss-linux-arm64-musl@1.29.1:
  version "1.29.1"
  resolved "https://registry.yarnpkg.com/lightningcss-linux-arm64-musl/-/lightningcss-linux-arm64-musl-1.29.1.tgz#389efccf80088dce2bb00e28bd7d1cfe36a71669"
  integrity sha512-UKMFrG4rL/uHNgelBsDwJcBqVpzNJbzsKkbI3Ja5fg00sgQnHw/VrzUTEc4jhZ+AN2BvQYz/tkHu4vt1kLuJyw==

lightningcss-linux-x64-gnu@1.29.1:
  version "1.29.1"
  resolved "https://registry.yarnpkg.com/lightningcss-linux-x64-gnu/-/lightningcss-linux-x64-gnu-1.29.1.tgz#98fc5df5e39ac8ddc51e51f785849eb21131f789"
  integrity sha512-u1S+xdODy/eEtjADqirA774y3jLcm8RPtYztwReEXoZKdzgsHYPl0s5V52Tst+GKzqjebkULT86XMSxejzfISw==

lightningcss-linux-x64-musl@1.29.1:
  version "1.29.1"
  resolved "https://registry.yarnpkg.com/lightningcss-linux-x64-musl/-/lightningcss-linux-x64-musl-1.29.1.tgz#fb4f80895ba7dfa8048ee32e9716a1684fefd6b2"
  integrity sha512-L0Tx0DtaNUTzXv0lbGCLB/c/qEADanHbu4QdcNOXLIe1i8i22rZRpbT3gpWYsCh9aSL9zFujY/WmEXIatWvXbw==

lightningcss-win32-arm64-msvc@1.29.1:
  version "1.29.1"
  resolved "https://registry.yarnpkg.com/lightningcss-win32-arm64-msvc/-/lightningcss-win32-arm64-msvc-1.29.1.tgz#fd4409fd1505d89d0ff66511c36df5a1379eb7cd"
  integrity sha512-QoOVnkIEFfbW4xPi+dpdft/zAKmgLgsRHfJalEPYuJDOWf7cLQzYg0DEh8/sn737FaeMJxHZRc1oBreiwZCjog==

lightningcss-win32-x64-msvc@1.29.1:
  version "1.29.1"
  resolved "https://registry.yarnpkg.com/lightningcss-win32-x64-msvc/-/lightningcss-win32-x64-msvc-1.29.1.tgz#54dcd52884f6cbf205a53d49239559603f194927"
  integrity sha512-NygcbThNBe4JElP+olyTI/doBNGJvLs3bFCRPdvuCcxZCcCZ71B858IHpdm7L1btZex0FvCmM17FK98Y9MRy1Q==

lightningcss@^1.29.1:
  version "1.29.1"
  resolved "https://registry.yarnpkg.com/lightningcss/-/lightningcss-1.29.1.tgz#1d4d62332fc5ba4b6c28e04a8c5638c76019702b"
  integrity sha512-FmGoeD4S05ewj+AkhTY+D+myDvXI6eL27FjHIjoyUkO/uw7WZD1fBVs0QxeYWa7E17CUHJaYX/RUGISCtcrG4Q==
  dependencies:
    detect-libc "^1.0.3"
  optionalDependencies:
    lightningcss-darwin-arm64 "1.29.1"
    lightningcss-darwin-x64 "1.29.1"
    lightningcss-freebsd-x64 "1.29.1"
    lightningcss-linux-arm-gnueabihf "1.29.1"
    lightningcss-linux-arm64-gnu "1.29.1"
    lightningcss-linux-arm64-musl "1.29.1"
    lightningcss-linux-x64-gnu "1.29.1"
    lightningcss-linux-x64-musl "1.29.1"
    lightningcss-win32-arm64-msvc "1.29.1"
    lightningcss-win32-x64-msvc "1.29.1"

micromatch@^4.0.5:
  version "4.0.8"
  resolved "https://registry.yarnpkg.com/micromatch/-/micromatch-4.0.8.tgz#d66fa18f3a47076789320b9b1af32bd86d9fa202"
  integrity sha512-PXwfBhYu0hBCPw8Dn0E+WDYb7af3dSLVWKi3HGv84IdF4TyFoC0ysxFd0Goxw7nSv4T/PzEJQxsYsEiFCKo2BA==
  dependencies:
    braces "^3.0.3"
    picomatch "^2.3.1"

mri@^1.2.0:
  version "1.2.0"
  resolved "https://registry.yarnpkg.com/mri/-/mri-1.2.0.tgz#6721480fec2a11a4889861115a48b6cbe7cc8f0b"
  integrity sha512-tzzskb3bG8LvYGFF/mDTpq3jpI6Q9wc3LEmBaghu+DdCssd1FakN7Bc0hVNmEyGq1bq3RgfkCb3cmQLpNPOroA==

nanoid@^3.3.8:
  version "3.3.8"
  resolved "https://registry.yarnpkg.com/nanoid/-/nanoid-3.3.8.tgz#b1be3030bee36aaff18bacb375e5cce521684baf"
  integrity sha512-WNLf5Sd8oZxOm+TzppcYk8gVOgP+l58xNy58D0nbUnOxOWRWvlcCV4kUF7ltmI6PsrLl/BgKEyS4mqsGChFN0w==

node-addon-api@^7.0.0:
  version "7.1.1"
  resolved "https://registry.yarnpkg.com/node-addon-api/-/node-addon-api-7.1.1.tgz#1aba6693b0f255258a049d621329329322aad558"
  integrity sha512-5m3bsyrjFWE1xf7nz7YXdN4udnVtXK6/Yfgn5qnahL6bCkf2yKt4k3nuTKAtT4r3IG8JNR2ncsIMdZuAzJjHQQ==

picocolors@^1.1.1:
  version "1.1.1"
  resolved "https://registry.yarnpkg.com/picocolors/-/picocolors-1.1.1.tgz#3d321af3eab939b083c8f929a1d12cda81c26b6b"
  integrity sha512-xceH2snhtb5M9liqDsmEw56le376mTZkEX/jEb/RxNFyegNul7eNslCXP9FDj/Lcu0X8KEyMceP2ntpaHrDEVA==

picomatch@^2.3.1:
  version "2.3.1"
  resolved "https://registry.yarnpkg.com/picomatch/-/picomatch-2.3.1.tgz#3ba3833733646d9d3e4995946c1365a67fb07a42"
  integrity sha512-JU3teHTNjmE2VCGFzuY8EXzCDVwEqB2a8fsIvwaStHhAWJEeVd1o1QD80CU6+ZdEXXSLbSsuLwJjkCBWqRQUVA==

postcss@^8.4.41:
  version "8.5.1"
  resolved "https://registry.yarnpkg.com/postcss/-/postcss-8.5.1.tgz#e2272a1f8a807fafa413218245630b5db10a3214"
  integrity sha512-6oz2beyjc5VMn/KV1pPw8fliQkhBXrVn1Z3TVyqZxU8kZpzEKhBdmCFqI6ZbmGtamQvQGuU1sgPTk8ZrXDD7jQ==
  dependencies:
    nanoid "^3.3.8"
    picocolors "^1.1.1"
    source-map-js "^1.2.1"

source-map-js@^1.2.1:
  version "1.2.1"
  resolved "https://registry.yarnpkg.com/source-map-js/-/source-map-js-1.2.1.tgz#1ce5650fddd87abc099eda37dcff024c2667ae46"
  integrity sha512-UXWMKhLOwVKb728IUtQPXxfYU+usdybtUrK/8uGE8CQMvrhOpwvzDBwj0QhSL7MQc7vIsISBG8VQ8+IDQxpfQA==

tailwindcss@4.0.9:
  version "4.0.9"
  resolved "https://registry.yarnpkg.com/tailwindcss/-/tailwindcss-4.0.9.tgz#f6626cee837aabe9e54c29b230b6fb0ed36fe965"
  integrity sha512-12laZu+fv1ONDRoNR9ipTOpUD7RN9essRVkX36sjxuRUInpN7hIiHN4lBd/SIFjbISvnXzp8h/hXzmU8SQQYhw==

tapable@^2.2.0:
  version "2.2.1"
  resolved "https://registry.yarnpkg.com/tapable/-/tapable-2.2.1.tgz#1967a73ef4060a82f12ab96af86d52fdb76eeca0"
  integrity sha512-GNzQvQTOIP6RyTfE2Qxb8ZVlNmw0n88vp1szwWRimP02mnTsx3Wtn5qRdqY9w2XduFNUgvOwhNnQsjwCp+kqaQ==

to-regex-range@^5.0.1:
  version "5.0.1"
  resolved "https://registry.yarnpkg.com/to-regex-range/-/to-regex-range-5.0.1.tgz#1648c44aae7c8d988a326018ed72f5b4dd0392e4"
  integrity sha512-65P7iz6X5yEr1cwcgvQxbbIw7Uk3gOy5dIdtZ4rDveLqhrdJP+Li/Hx6tyK0NEb+2GCyneCMJiGqrADCSNk8sQ==
  dependencies:
    is-number "^7.0.0"
